{
  "name": "mock-server",
  "version": "1.0.0",
  "lockfileVersion": 1,
  "requires": true,
  "dependencies": {
    "wiremock-standalone": {
      "version": "2.20.0-1",
      "resolved": "https://registry.npmjs.org/wiremock-standalone/-/wiremock-standalone-2.20.0-1.tgz",
      "integrity": "sha512-psq82IFh2oYWq5IDaLJjn3UERawbHDBVwQfArr6wgJ4g1b9ZVc4ZOeGwHoA8llQ3sMlO0fJjDw6cK1bZZ3tmDg==",
      "dev": true
    }
  }
}
